
Microsoft Visual Studio Solution File, Format Version 12.00
# Visual Studio Version 17
VisualStudioVersion = 17.11.35303.130
MinimumVisualStudioVersion = 10.0.40219.1
Project("{FAE04EC0-301F-11D3-BF4B-00C04F79EFBC}") = "TestUpdate_OnDrive", "TestUpdate_OnDrive\TestUpdate_OnDrive.csproj", "{37823A3A-A583-43AA-9D9B-56140FC8052F}"
EndProject
Global
	GlobalSection(SolutionConfigurationPlatforms) = preSolution
		Debug|Any CPU = Debug|Any CPU
		Release|Any CPU = Release|Any CPU
	EndGlobalSection
	GlobalSection(ProjectConfigurationPlatforms) = postSolution
		{37823A3A-A583-43AA-9D9B-56140FC8052F}.Debug|Any CPU.ActiveCfg = Debug|Any CPU
		{37823A3A-A583-43AA-9D9B-56140FC8052F}.Debug|Any CPU.Build.0 = Debug|Any CPU
		{37823A3A-A583-43AA-9D9B-56140FC8052F}.Release|Any CPU.ActiveCfg = Release|Any CPU
		{37823A3A-A583-43AA-9D9B-56140FC8052F}.Release|Any CPU.Build.0 = Release|Any CPU
	EndGlobalSection
	GlobalSection(SolutionProperties) = preSolution
		HideSolutionNode = FALSE
	EndGlobalSection
	GlobalSection(ExtensibilityGlobals) = postSolution
		SolutionGuid = {653E80B6-DDBE-4CA8-8CE1-A9FCC80A0E7D}
	EndGlobalSection
EndGlobal
